
Microsoft Visual Studio Solution File, Format Version 12.00
# Visual Studio Version 17
VisualStudioVersion = 17.2.32526.322
MinimumVisualStudioVersion = 10.0.40219.1
Project("{FAE04EC0-301F-11D3-BF4B-00C04F79EFBC}") = "Roman to Integer", "Roman to Integer\Roman to Integer.csproj", "{90B937C6-D342-40E6-9579-80EC6FED9A20}"
EndProject
Project("{FAE04EC0-301F-11D3-BF4B-00C04F79EFBC}") = "TestProject1", "TestProject1\TestProject1.csproj", "{49239ABF-17EC-4646-BF7C-519ECC4E9354}"
EndProject
Global
	GlobalSection(SolutionConfigurationPlatforms) = preSolution
		Debug|Any CPU = Debug|Any CPU
		Release|Any CPU = Release|Any CPU
	EndGlobalSection
	GlobalSection(ProjectConfigurationPlatforms) = postSolution
		{90B937C6-D342-40E6-9579-80EC6FED9A20}.Debug|Any CPU.ActiveCfg = Debug|Any CPU
		{90B937C6-D342-40E6-9579-80EC6FED9A20}.Debug|Any CPU.Build.0 = Debug|Any CPU
		{90B937C6-D342-40E6-9579-80EC6FED9A20}.Release|Any CPU.ActiveCfg = Release|Any CPU
		{90B937C6-D342-40E6-9579-80EC6FED9A20}.Release|Any CPU.Build.0 = Release|Any CPU
		{49239ABF-17EC-4646-BF7C-519ECC4E9354}.Debug|Any CPU.ActiveCfg = Debug|Any CPU
		{49239ABF-17EC-4646-BF7C-519ECC4E9354}.Debug|Any CPU.Build.0 = Debug|Any CPU
		{49239ABF-17EC-4646-BF7C-519ECC4E9354}.Release|Any CPU.ActiveCfg = Release|Any CPU
		{49239ABF-17EC-4646-BF7C-519ECC4E9354}.Release|Any CPU.Build.0 = Release|Any CPU
	EndGlobalSection
	GlobalSection(SolutionProperties) = preSolution
		HideSolutionNode = FALSE
	EndGlobalSection
	GlobalSection(ExtensibilityGlobals) = postSolution
		SolutionGuid = {E49759C9-452C-4D3E-BC36-342653A1FBB9}
	EndGlobalSection
EndGlobal
